<Solution>
  <Folder Name="/src/" />
  <Folder Name="/src/marketdata/">
    <Project Path="src/marketdata/HTB.MarketData.Data/HTB.MarketData.Data.csproj" />
    <Project Path="src/marketdata/HTB.MarketData.Loader/HTB.MarketData.Loader.csproj" />
  </Folder>
  <Folder Name="/src/shared/">
    <Project Path="src/shared/HTB.Shared/HTB.Shared.csproj" />
  </Folder>
</Solution>
